// !$*UTF8*$!
{
	archiveVersion = 1;
	classes = {
	};
	objectVersion = 46;
	objects = {

/* Begin PBXBuildFile section */
		FC967A171E87114C00D5615E /* AppDelegate.swift in Sources */ = {isa = PBXBuildFile; fileRef = FC967A161E87114C00D5615E /* AppDelegate.swift */; };
		FC967A191E87114C00D5615E /* ViewController.swift in Sources */ = {isa = PBXBuildFile; fileRef = FC967A181E87114C00D5615E /* ViewController.swift */; };
		FC967A1C1E87114C00D5615E /* Main.storyboard in Resources */ = {isa = PBXBuildFile; fileRef = FC967A1A1E87114C00D5615E /* Main.storyboard */; };
		FC967A1E1E87114C00D5615E /* Assets.xcassets in Resources */ = {isa = PBXBuildFile; fileRef = FC967A1D1E87114C00D5615E /* Assets.xcassets */; };
		FC967A211E87114C00D5615E /* LaunchScreen.storyboard in Resources */ = {isa = PBXBuildFile; fileRef = FC967A1F1E87114C00D5615E /* LaunchScreen.storyboard */; };
/* End PBXBuildFile section */

/* Begin PBXFileReference section */
		FC967A131E87114C00D5615E /* locTestA.app */ = {isa = PBXFileReference; explicitFileType = wrapper.application; includeInIndex = 0; path = locTestA.app; sourceTree = BUILT_PRODUCTS_DIR; };
		FC967A161E87114C00D5615E /* AppDelegate.swift */ = {isa = PBXFileReference; lastKnownFileType = sourcecode.swift; path = AppDelegate.swift; sourceTree = "<group>"; };
		FC967A181E87114C00D5615E /* ViewController.swift */ = {isa = PBXFileReference; lastKnownFileType = sourcecode.swift; path = ViewController.swift; sourceTree = "<group>"; };
		FC967A1B1E87114C00D5615E /* Base */ = {isa = PBXFileReference; lastKnownFileType = file.storyboard; name = Base; path = Base.lproj/Main.storyboard; sourceTree = "<group>"; };
		FC967A1D1E87114C00D5615E /* Assets.xcassets */ = {isa = PBXFileReference; lastKnownFileType = folder.assetcatalog; path = Assets.xcassets; sourceTree = "<group>"; };
		FC967A201E87114C00D5615E /* Base */ = {isa = PBXFileReference; lastKnownFileType = file.storyboard; name = Base; path = Base.lproj/LaunchScreen.storyboard; sourceTree = "<group>"; };
		FC967A221E87114C00D5615E /* Info.plist */ = {isa = PBXFileReference; lastKnownFileType = text.plist.xml; path = Info.plist; sourceTree = "<group>"; };
/* End PBXFileReference section */

/* Begin PBXFrameworksBuildPhase section */
		FC967A101E87114C00D5615E /* Frameworks */ = {
			isa = PBXFrameworksBuildPhase;
			buildActionMask = 2147483647;
			files = (
			);
			runOnlyForDeploymentPostprocessing = 0;
		};
/* End PBXFrameworksBuildPhase section */

/* Begin PBXGroup section */
		FC967A0A1E87114C00D5615E = {
			isa = PBXGroup;
			children = (
				FC967A151E87114C00D5615E /* locTestA */,
				FC967A141E87114C00D5615E /* Products */,
			);
			sourceTree = "<group>";
		};
		FC967A141E87114C00D5615E /* Products */ = {
			isa = PBXGroup;
			children = (
				FC967A131E87114C00D5615E /* locTestA.app */,
			);
			name = Products;
			sourceTree = "<group>";
		};
		FC967A151E87114C00D5615E /* locTestA */ = {
			isa = PBXGroup;
			children = (
				FC967A161E87114C00D5615E /* AppDelegate.swift */,
				FC967A181E87114C00D5615E /* ViewController.swift */,
				FC967A1A1E87114C00D5615E /* Main.storyboard */,
				FC967A1D1E87114C00D5615E /* Assets.xcassets */,
				FC967A1F1E87114C00D5615E /* LaunchScreen.storyboard */,
				FC967A221E87114C00D5615E /* Info.plist */,
			);
			path = locTestA;
			sourceTree = "<group>";
		};
/* End PBXGroup section */

/* Begin PBXNativeTarget section */
		FC967A121E87114C00D5615E /* locTestA */ = {
			isa = PBXNativeTarget;
			buildConfigurationList = FC967A251E87114C00D5615E /* Build configuration list for PBXNativeTarget "locTestA" */;
			buildPhases = (
				FC967A0F1E87114C00D5615E /* Sources */,
				FC967A101E87114C00D5615E /* Frameworks */,
				FC967A111E87114C00D5615E /* Resources */,
			);
			buildRules = (
			);
			dependencies = (
			);
			name = locTestA;
			productName = locTestA;
			productReference = FC967A131E87114C00D5615E /* locTestA.app */;
			productType = "com.apple.product-type.application";
		};
/* End PBXNativeTarget section */

/* Begin PBXProject section */
		FC967A0B1E87114C00D5615E /* Project object */ = {
			isa = PBXProject;
			attributes = {
				LastSwiftUpdateCheck = 0820;
				LastUpgradeCheck = 0820;
				ORGANIZATIONNAME = Stonetip;
				TargetAttributes = {
					FC967A121E87114C00D5615E = {
						CreatedOnToolsVersion = 8.2.1;
						DevelopmentTeam = T6X32UM5U3;
						ProvisioningStyle = Automatic;
					};
				};
			};
			buildConfigurationList = FC967A0E1E87114C00D5615E /* Build configuration list for PBXProject "locTestA" */;
			compatibilityVersion = "Xcode 3.2";
			developmentRegion = English;
			hasScannedForEncodings = 0;
			knownRegions = (
				en,
				Base,
			);
			mainGroup = FC967A0A1E87114C00D5615E;
			productRefGroup = FC967A141E87114C00D5615E /* Products */;
			projectDirPath = "";
			projectRoot = "";
			targets = (
				FC967A121E87114C00D5615E /* locTestA */,
			);
		};
/* End PBXProject section */

/* Begin PBXResourcesBuildPhase section */
		FC967A111E87114C00D5615E /* Resources */ = {
			isa = PBXResourcesBuildPhase;
			buildActionMask = 2147483647;
			files = (
				FC967A211E87114C00D5615E /* LaunchScreen.storyboard in Resources */,
				FC967A1E1E87114C00D5615E /* Assets.xcassets in Resources */,
				FC967A1C1E87114C00D5615E /* Main.storyboard in Resources */,
			);
			runOnlyForDeploymentPostprocessing = 0;
		};
/* End PBXResourcesBuildPhase section */

/* Begin PBXSourcesBuildPhase section */
		FC967A0F1E87114C00D5615E /* Sources */ = {
			isa = PBXSourcesBuildPhase;
			buildActionMask = 2147483647;
			files = (
				FC967A191E87114C00D5615E /* ViewController.swift in Sources */,
				FC967A171E87114C00D5615E /* AppDelegate.swift in Sources */,
			);
			runOnlyForDeploymentPostprocessing = 0;
		};
/* End PBXSourcesBuildPhase section */

/* Begin PBXVariantGroup section */
		FC967A1A1E87114C00D5615E /* Main.storyboard */ = {
			isa = PBXVariantGroup;
			children = (
				FC967A1B1E87114C00D5615E /* Base */,
			);
			name = Main.storyboard;
			sourceTree = "<group>";
		};
		FC967A1F1E87114C00D5615E /* LaunchScreen.storyboard */ = {
			isa = PBXVariantGroup;
			children = (
				FC967A201E87114C00D5615E /* Base */,
			);
			name = LaunchScreen.storyboard;
			sourceTree = "<group>";
		};
/* End PBXVariantGroup section */

/* Begin XCBuildConfiguration section */
		FC967A231E87114C00D5615E /* Debug */ = {
			isa = XCBuildConfiguration;
			buildSettings = {
				ALWAYS_SEARCH_USER_PATHS = NO;
				CLANG_ANALYZER_NONNULL = YES;
				CLANG_CXX_LANGUAGE_STANDARD = "gnu++0x";
				CLANG_CXX_LIBRARY = "libc++";
				CLANG_ENABLE_MODULES = YES;
				CLANG_ENABLE_OBJC_ARC = YES;
				CLANG_WARN_BOOL_CONVERSION = YES;
				CLANG_WARN_CONSTANT_CONVERSION = YES;
				CLANG_WARN_DIRECT_OBJC_ISA_USAGE = YES_ERROR;
				CLANG_WARN_DOCUMENTATION_COMMENTS = YES;
				CLANG_WARN_EMPTY_BODY = YES;
				CLANG_WARN_ENUM_CONVERSION = YES;
				CLANG_WARN_INFINITE_RECURSION = YES;
				CLANG_WARN_INT_CONVERSION = YES;
				CLANG_WARN_OBJC_ROOT_CLASS = YES_ERROR;
				CLANG_WARN_SUSPICIOUS_MOVE = YES;
				CLANG_WARN_UNREACHABLE_CODE = YES;
				CLANG_WARN__DUPLICATE_METHOD_MATCH = YES;
				"CODE_SIGN_IDENTITY[sdk=iphoneos*]" = "iPhone Developer";
				COPY_PHASE_STRIP = NO;
				DEBUG_INFORMATION_FORMAT = dwarf;
				ENABLE_STRICT_OBJC_MSGSEND = YES;
				ENABLE_TESTABILITY = YES;
				GCC_C_LANGUAGE_STANDARD = gnu99;
				GCC_DYNAMIC_NO_PIC = NO;
				GCC_NO_COMMON_BLOCKS = YES;
				GCC_OPTIMIZATION_LEVEL = 0;
				GCC_PREPROCESSOR_DEFINITIONS = (
					"DEBUG=1",
					"$(inherited)",
				);
				GCC_WARN_64_TO_32_BIT_CONVERSION = YES;
				GCC_WARN_ABOUT_RETURN_TYPE = YES_ERROR;
				GCC_WARN_UNDECLARED_SELECTOR = YES;
				GCC_WARN_UNINITIALIZED_AUTOS = YES_AGGRESSIVE;
				GCC_WARN_UNUSED_FUNCTION = YES;
				GCC_WARN_UNUSED_VARIABLE = YES;
				IPHONEOS_DEPLOYMENT_TARGET = 10.2;
				MTL_ENABLE_DEBUG_INFO = YES;
				ONLY_ACTIVE_ARCH = YES;
				SDKROOT = iphoneos;
				SWIFT_ACTIVE_COMPILATION_CONDITIONS = DEBUG;
				SWIFT_OPTIMIZATION_LEVEL = "-Onone";
				TARGETED_DEVICE_FAMILY = "1,2";
			};
			name = Debug;
		};
		FC967A241E87114C00D5615E /* Release */ = {
			isa = XCBuildConfiguration;
			buildSettings = {
				ALWAYS_SEARCH_USER_PATHS = NO;
				CLANG_ANALYZER_NONNULL = YES;
				CLANG_CXX_LANGUAGE_STANDARD = "gnu++0x";
				CLANG_CXX_LIBRARY = "libc++";
				CLANG_ENABLE_MODULES = YES;
				CLANG_ENABLE_OBJC_ARC = YES;
				CLANG_WARN_BOOL_CONVERSION = YES;
				CLANG_WARN_CONSTANT_CONVERSION = YES;
				CLANG_WARN_DIRECT_OBJC_ISA_USAGE = YES_ERROR;
				CLANG_WARN_DOCUMENTATION_COMMENTS = YES;
				CLANG_WARN_EMPTY_BODY = YES;
				CLANG_WARN_ENUM_CONVERSION = YES;
				CLANG_WARN_INFINITE_RECURSION = YES;
				CLANG_WARN_INT_CONVERSION = YES;
				CLANG_WARN_OBJC_ROOT_CLASS = YES_ERROR;
				CLANG_WARN_SUSPICIOUS_MOVE = YES;
				CLANG_WARN_UNREACHABLE_CODE = YES;
				CLANG_WARN__DUPLICATE_METHOD_MATCH = YES;
				"CODE_SIGN_IDENTITY[sdk=iphoneos*]" = "iPhone Developer";
				COPY_PHASE_STRIP = NO;
				DEBUG_INFORMATION_FORMAT = "dwarf-with-dsym";
				ENABLE_NS_ASSERTIONS = NO;
				ENABLE_STRICT_OBJC_MSGSEND = YES;
				GCC_C_LANGUAGE_STANDARD = gnu99;
				GCC_NO_COMMON_BLOCKS = YES;
				GCC_WARN_64_TO_32_BIT_CONVERSION = YES;
				GCC_WARN_ABOUT_RETURN_TYPE = YES_ERROR;
				GCC_WARN_UNDECLARED_SELECTOR = YES;
				GCC_WARN_UNINITIALIZED_AUTOS = YES_AGGRESSIVE;
				GCC_WARN_UNUSED_FUNCTION = YES;
				GCC_WARN_UNUSED_VARIABLE = YES;
				IPHONEOS_DEPLOYMENT_TARGET = 10.2;
				MTL_ENABLE_DEBUG_INFO = NO;
				SDKROOT = iphoneos;
				SWIFT_OPTIMIZATION_LEVEL = "-Owholemodule";
				TARGETED_DEVICE_FAMILY = "1,2";
				VALIDATE_PRODUCT = YES;
			};
			name = Release;
		};
		FC967A261E87114C00D5615E /* Debug */ = {
			isa = XCBuildConfiguration;
			buildSettings = {
				ASSETCATALOG_COMPILER_APPICON_NAME = AppIcon;
				DEVELOPMENT_TEAM = T6X32UM5U3;
				INFOPLIST_FILE = locTestA/Info.plist;
				IPHONEOS_DEPLOYMENT_TARGET = 10.2;
				LD_RUNPATH_SEARCH_PATHS = "$(inherited) @executable_path/Frameworks";
				PRODUCT_BUNDLE_IDENTIFIER = com.stonetip.locTestA;
				PRODUCT_NAME = "$(TARGET_NAME)";
				SWIFT_VERSION = 3.0;
			};
			name = Debug;
		};
		FC967A271E87114C00D5615E /* Release */ = {
			isa = XCBuildConfiguration;
			buildSettings = {
				ASSETCATALOG_COMPILER_APPICON_NAME = AppIcon;
				DEVELOPMENT_TEAM = T6X32UM5U3;
				INFOPLIST_FILE = locTestA/Info.plist;
				IPHONEOS_DEPLOYMENT_TARGET = 10.2;
				LD_RUNPATH_SEARCH_PATHS = "$(inherited) @executable_path/Frameworks";
				PRODUCT_BUNDLE_IDENTIFIER = com.stonetip.locTestA;
				PRODUCT_NAME = "$(TARGET_NAME)";
				SWIFT_VERSION = 3.0;
			};
			name = Release;
		};
/* End XCBuildConfiguration section */

/* Begin XCConfigurationList section */
		FC967A0E1E87114C00D5615E /* Build configuration list for PBXProject "locTestA" */ = {
			isa = XCConfigurationList;
			buildConfigurations = (
				FC967A231E87114C00D5615E /* Debug */,
				FC967A241E87114C00D5615E /* Release */,
			);
			defaultConfigurationIsVisible = 0;
			defaultConfigurationName = Release;
		};
		FC967A251E87114C00D5615E /* Build configuration list for PBXNativeTarget "locTestA" */ = {
			isa = XCConfigurationList;
			buildConfigurations = (
				FC967A261E87114C00D5615E /* Debug */,
				FC967A271E87114C00D5615E /* Release */,
			);
			defaultConfigurationIsVisible = 0;
		};
/* End XCConfigurationList section */
	};
	rootObject = FC967A0B1E87114C00D5615E /* Project object */;
}
